{
  "lockfileVersion": 1,
  "workspaces": {
    "": {
      "name": "warpfox",
      "dependencies": {
        "axios": "^1.8.4",
        "cli-progress": "^3.12.0",
        "cross-spawn": "^7.0.6",
        "cute-logger": "^8.0.5",
      },
      "devDependencies": {
        "@types/bun": "latest",
        "node-ts": "^8.0.2",
      },
      "peerDependencies": {
        "typescript": "^5",
      },
    },
  },
  "packages": {
    "@rauschma/stringio": ["@rauschma/stringio@1.4.0", "", { "dependencies": { "@types/node": "^10.0.3" } }, "sha512-3uor2f/MXZkmX5RJf8r+OC3WvZVzpSme0yyL0rQDPEnatE02qRcqwEwnsgpgriEck0S/n4vWtUd6tTtrJwk45Q=="],

    "@types/bun": ["@types/bun@1.2.5", "", { "dependencies": { "bun-types": "1.2.5" } }, "sha512-w2OZTzrZTVtbnJew1pdFmgV99H0/L+Pvw+z1P67HaR18MHOzYnTYOi6qzErhK8HyT+DB782ADVPPE92Xu2/Opg=="],

    "@types/node": ["@types/node@22.13.11", "", { "dependencies": { "undici-types": "~6.20.0" } }, "sha512-iEUCUJoU0i3VnrCmgoWCXttklWcvoCIx4jzcP22fioIVSdTmjgoEvmAO/QPw6TcS9k5FrNgn4w7q5lGOd1CT5g=="],

    "@types/ws": ["@types/ws@8.5.14", "", { "dependencies": { "@types/node": "*" } }, "sha512-bd/YFLW+URhBzMXurx7lWByOu+xzU9+kb3RboOteXYDfW+tr+JZa99OyNmPINEGB/ahzKrEuc8rcv4gnpJmxTw=="],

    "add-subtract-date": ["add-subtract-date@1.0.16", "", {}, "sha512-pmGFYgOmVhZ7R47PB/h/BLt/f77rVZL3WXvxSUWKSd6RTe7lHu7ZalQUYWJ2RXNIuv9KKZjstyuKnNQqbqtoGw=="],

    "ansi-parser": ["ansi-parser@3.2.11", "", {}, "sha512-HeEwCVf/pI9qQUVaTkoDBl9U/QU4RvWJ+Trg1jNSNvDzFsBAId6fHv6VLiC7HzwrOiL8uOEkO5T1eTgpnTFQfQ=="],

    "ansi-regex": ["ansi-regex@5.0.1", "", {}, "sha512-quJQXlTSUGL2LH9SUXo8VwsY4soanhgo6LNSm84E1LBcE8s3O0wpdiRzyR9z/ZZJMlMWv37qOOb9pdJlMUEKFQ=="],

    "ansi-styles": ["ansi-styles@3.2.1", "", { "dependencies": { "color-convert": "^1.9.0" } }, "sha512-VT0ZI6kZRdTh8YyJw3SMbYm/u+NqfsAxEpWO0Pf9sq8/e94WxxOpPKx9FR1FlyCtOVDNOQ+8ntlqFxiRc+r5qA=="],

    "ansy": ["ansy@1.0.16", "", { "dependencies": { "ansi-styles": "^3.0.0", "custom-return": "^1.0.0", "supports-color": "^3.1.2", "ul": "^5.2.1" } }, "sha512-9heIA517JMByr2usiEiobYDJSN71ikQgcFucf4mp4THZG2ZQHNQJjzJIICB1m5JOy3s66HZHTZ5nTHDoliLI9A=="],

    "asynckit": ["asynckit@0.4.0", "", {}, "sha512-Oei9OH4tRh0YqU3GxhX79dM/mwVgvbZJaSNaRk+bshkj0S5cfHcgYakreBjrHwatXKbz+IoIdYLxrKim2MjW0Q=="],

    "axios": ["axios@1.8.4", "", { "dependencies": { "follow-redirects": "^1.15.6", "form-data": "^4.0.0", "proxy-from-env": "^1.1.0" } }, "sha512-eBSYY4Y68NNlHbHBMdeDmKNtDgXWhQsJcGqzO3iLUM0GraQFSS9cVgPX5I9b3lbdFKyYoAEGAZF1DwhTaljNAw=="],

    "bun-types": ["bun-types@1.2.5", "", { "dependencies": { "@types/node": "*", "@types/ws": "~8.5.10" } }, "sha512-3oO6LVGGRRKI4kHINx5PIdIgnLRb7l/SprhzqXapmoYkFl5m4j6EvALvbDVuuBFaamB46Ap6HCUxIXNLCGy+tg=="],

    "call-bind-apply-helpers": ["call-bind-apply-helpers@1.0.2", "", { "dependencies": { "es-errors": "^1.3.0", "function-bind": "^1.1.2" } }, "sha512-Sp1ablJ0ivDkSzjcaJdxEunN5/XvksFJ2sMBFfq6x0ryhQV/2b/KwFe21cMpmHtPOSij8K99/wSfoEuTObmuMQ=="],

    "class-methods": ["class-methods@1.0.13", "", { "dependencies": { "exclude-arr": "^1.0.0", "static-methods": "^1.0.0", "ul": "^5.2.1" } }, "sha512-iaTvwkDnvbatOhvhCCPe6MKldhbjMPR2pmtet2HrNfYB/5tclL45bPSqEYV1itC7jIlpQsEAT0qK1x0Ym1Zc8Q=="],

    "cli-progress": ["cli-progress@3.12.0", "", { "dependencies": { "string-width": "^4.2.3" } }, "sha512-tRkV3HJ1ASwm19THiiLIXLO7Im7wlTuKnvkYaTkyoAPefqjNg7W7DHKUlGRxy9vxDvbyCYQkQozvptuMkGCg8A=="],

    "color-convert": ["color-convert@1.9.3", "", { "dependencies": { "color-name": "1.1.3" } }, "sha512-QfAUtd+vFdAtFQcC8CCyYt1fYWxSqAiK2cSD6zDB8N3cpsEBAvRxp9zOGg6G/SHHJYAT88/az/IuDGALsNVbGg=="],

    "color-name": ["color-name@1.1.3", "", {}, "sha512-72fSenhMw2HZMTVHeCA9KCmpEIbzWiQsjN+BHcBbS9vr1mtt+vJjPdksIBNUmKAW8TFUDPJK5SUU3QhE9NEXDw=="],

    "combined-stream": ["combined-stream@1.0.8", "", { "dependencies": { "delayed-stream": "~1.0.0" } }, "sha512-FQN4MRfuJeHf7cBbBMJFXhKSDq+2kAArBlmRBvcvFE5BB1HZKXtSFASDhdlz9zOYwxh8lDdnvmMOe/+5cdoEdg=="],

    "couleurs": ["couleurs@6.0.12", "", { "dependencies": { "ansy": "^1.0.0", "color-convert": "^1.0.0", "iterate-object": "^1.3.1", "typpy": "^2.3.1" } }, "sha512-3SzCoWk+IWpReIhdrPnFCsjOQq1CyZ1OHWVTlFq/HR94tK6tEzNSbUycYCEhg+ywnznhFACad+YbGAHGmKzeOQ=="],

    "cross-spawn": ["cross-spawn@7.0.6", "", { "dependencies": { "path-key": "^3.1.0", "shebang-command": "^2.0.0", "which": "^2.0.1" } }, "sha512-uV2QOWP2nWzsy2aMp8aRibhi9dlzF5Hgh5SHaB9OiTGEyDTiJJyx0uy51QXdyWbtAHNua4XJzUKca3OzKUd3vA=="],

    "custom-return": ["custom-return@1.0.13", "", { "dependencies": { "noop6": "^1.0.0" } }, "sha512-28xNk/Ek+zEhP5grGiNm9+npFJzqhwULzNcBSx4Osh4iuvczTLQqKB7cZoyNql/hpuuWyWBzbeY2+uCH0Qv7UA=="],

    "cute-logger": ["cute-logger@8.0.5", "", { "dependencies": { "ansi-parser": "^3.2.5", "couleurs": "^6.0.6", "daty": "^1.0.7", "deffy": "^2.2.2", "typpy": "^2.3.6" } }, "sha512-XJ2kLS+k4bJpnb8lJp3Hdbs/P/Ni/Jq+nzlPHWjY4niVSuNwRbO5mDpGpTZvSDehlbAyI5RgGhACy6JRClagcg=="],

    "date-unit-ms": ["date-unit-ms@1.1.15", "", {}, "sha512-udyntpYTFNZPX0JiFCWtrzkPM8WEBV4SGfSXYwZUCRxxBVs/jNYkS+zpiyk3ICGwG9GfZeh4WYOd1hDbyKzOLw=="],

    "daty": ["daty@1.2.2", "", { "dependencies": { "add-subtract-date": "^1.0.0", "class-methods": "^1.0.4", "date-unit-ms": "^1.1.0", "diff-dates": "^1.0.0", "formatoid": "^1.0.0" } }, "sha512-2Ax1006BgHLtksGfjcMqf9nyEehrQ5j4UZm3mSgpVlscAVmjpGXUSunVSYSC1yeGjiDwx3HkWY49UfLV2q5smQ=="],

    "days": ["days@1.1.1", "", {}, "sha512-vzeIwVsEIyA35GH4+mPd4hjVDNI87wYANyZFs0BHjBr5kIBH5zEl7LfD6Wr4SFZca4D3CU9IH1w4DuZLlXzKRw=="],

    "deffy": ["deffy@2.2.5", "", { "dependencies": { "typpy": "^2.0.0" } }, "sha512-6TX2cfIo97eKqWmqgMDAUulCwnveAe3K+4VGsTGPJsL3NtSEnSBFZ3sUXdS4EBhZ8GbdaZBzXQ04ton18dJrug=="],

    "delayed-stream": ["delayed-stream@1.0.0", "", {}, "sha512-ZySD7Nf91aLB0RxL4KGrKHBXl7Eds1DAmEdcoVawXnLD7SDhpNgtuII2aAkg7a7QS41jxPSZ17p4VdGnMHk3MQ=="],

    "diff-dates": ["diff-dates@1.0.15", "", { "dependencies": { "date-unit-ms": "^1.1.0" } }, "sha512-tmM/uyu+nFMJbrh9E9HSzqwteVJmSYwXNkCKjavW24kXvbjVQGRpcQzp1EgkJzqUYragRUZsnAXaIVaX5zw7Yw=="],

    "dunder-proto": ["dunder-proto@1.0.1", "", { "dependencies": { "call-bind-apply-helpers": "^1.0.1", "es-errors": "^1.3.0", "gopd": "^1.2.0" } }, "sha512-KIN/nDJBQRcXw0MLVhZE9iQHmG68qAVIBg9CqmUYjmQIhgij9U5MFvrqkUL5FbtyyzZuOeOt0zdeRe4UY7ct+A=="],

    "emoji-regex": ["emoji-regex@8.0.0", "", {}, "sha512-MSjYzcWNOA0ewAHpz0MxpYFvwg6yjy1NG3xteoqz644VCo/RPgnr1/GGt+ic3iJTzQ8Eu3TdM14SawnVUmGE6A=="],

    "es-define-property": ["es-define-property@1.0.1", "", {}, "sha512-e3nRfgfUZ4rNGL232gUgX06QNyyez04KdjFrF+LTRoOXmrOgFKDg4BCdsjW8EnT69eqdYGmRpJwiPVYNrCaW3g=="],

    "es-errors": ["es-errors@1.3.0", "", {}, "sha512-Zf5H2Kxt2xjTvbJvP2ZWLEICxA6j+hAmMzIlypy4xcBg1vKVnx89Wy0GbS+kf5cwCVFFzdCFh2XSCFNULS6csw=="],

    "es-object-atoms": ["es-object-atoms@1.1.1", "", { "dependencies": { "es-errors": "^1.3.0" } }, "sha512-FGgH2h8zKNim9ljj7dankFPcICIK9Cp5bm+c2gQSYePhpaG5+esrLODihIorn+Pe6FGJzWhXQotPv73jTaldXA=="],

    "es-set-tostringtag": ["es-set-tostringtag@2.1.0", "", { "dependencies": { "es-errors": "^1.3.0", "get-intrinsic": "^1.2.6", "has-tostringtag": "^1.0.2", "hasown": "^2.0.2" } }, "sha512-j6vWzfrGVfyXxge+O0x5sh6cvxAog0a/4Rdd2K36zCMV5eJ+/+tOAngRO8cODMNWbVRdVlmGZQL2YS3yR8bIUA=="],

    "exclude-arr": ["exclude-arr@1.0.12", "", {}, "sha512-uvWXnvXIej85g/JQYdH/IziIfiIa8g3MegneWe92JXERRl7yEDm2ptzUfN80sdHJnsarmXvwv2wFl3rmVeMEvA=="],

    "fillo": ["fillo@1.0.15", "", {}, "sha512-AU9+1s5J2halrmGGe9On+a8TXfbaXsY9JLz/sxPsmcISaqcGn0M9Pt6cQzKPesqdzQdSQ08JJHH5RZR9HdF2Jw=="],

    "follow-redirects": ["follow-redirects@1.15.9", "", {}, "sha512-gew4GsXizNgdoRyqmyfMHyAmXsZDk6mHkSxZFCzW9gwlbtOW44CDtYavM+y+72qD/Vq2l550kMF52DT8fOLJqQ=="],

    "form-data": ["form-data@4.0.2", "", { "dependencies": { "asynckit": "^0.4.0", "combined-stream": "^1.0.8", "es-set-tostringtag": "^2.1.0", "mime-types": "^2.1.12" } }, "sha512-hGfm/slu0ZabnNt4oaRZ6uREyfCj6P4fT/n6A1rGV+Z0VdGXjfOhVUpkn6qVQONHGIFwmveGXyDs75+nr6FM8w=="],

    "formatoid": ["formatoid@1.2.5", "", { "dependencies": { "days": "^1.0.1", "fillo": "^1.0.0", "months": "^1.0.0", "parse-it": "^1.0.0" } }, "sha512-ADuqDTwrQd0800jF0G6tL3mWwO8aGStjypqvrwkhTnoQc2fD1hc9reGtrMiRmWK7ti1n2NUfy+6WKfJ+AJUsvA=="],

    "function-bind": ["function-bind@1.1.2", "", {}, "sha512-7XHNxH7qX9xG5mIwxkhumTox/MIRNcOgDrxWsMt2pAr23WHp6MrRlN7FBSFpCpr+oVO0F744iUgR82nJMfG2SA=="],

    "function.name": ["function.name@1.0.14", "", { "dependencies": { "noop6": "^1.0.1" } }, "sha512-s99L814NRuLxwF2sJMIcLhkQhueGXb3oKyvorzrUKKwlVB0SBbWrgZt4+EwKAo3ujCXnT7vshmCvXgZA09kCMw=="],

    "get-intrinsic": ["get-intrinsic@1.3.0", "", { "dependencies": { "call-bind-apply-helpers": "^1.0.2", "es-define-property": "^1.0.1", "es-errors": "^1.3.0", "es-object-atoms": "^1.1.1", "function-bind": "^1.1.2", "get-proto": "^1.0.1", "gopd": "^1.2.0", "has-symbols": "^1.1.0", "hasown": "^2.0.2", "math-intrinsics": "^1.1.0" } }, "sha512-9fSjSaos/fRIVIp+xSJlE6lfwhES7LNtKaCBIamHsjr2na1BiABJPo0mOjjz8GJDURarmCPGqaiVg5mfjb98CQ=="],

    "get-proto": ["get-proto@1.0.1", "", { "dependencies": { "dunder-proto": "^1.0.1", "es-object-atoms": "^1.0.0" } }, "sha512-sTSfBjoXBp89JvIKIefqw7U2CCebsc74kiY6awiGogKtoSGbgjYE/G/+l9sF3MWFPNc9IcoOC4ODfKHfxFmp0g=="],

    "gopd": ["gopd@1.2.0", "", {}, "sha512-ZUKRh6/kUFoAiTAtTYPZJ3hw9wNxx+BIBOijnlG9PnrJsCcSjs1wyyD6vJpaYtgnzDrKYRSqf3OO6Rfa93xsRg=="],

    "has-flag": ["has-flag@1.0.0", "", {}, "sha512-DyYHfIYwAJmjAjSSPKANxI8bFY9YtFrgkAfinBojQ8YJTOuOuav64tMUJv584SES4xl74PmuaevIyaLESHdTAA=="],

    "has-symbols": ["has-symbols@1.1.0", "", {}, "sha512-1cDNdwJ2Jaohmb3sg4OmKaMBwuC48sYni5HUw2DvsC8LjGTLK9h+eb1X6RyuOHe4hT0ULCW68iomhjUoKUqlPQ=="],

    "has-tostringtag": ["has-tostringtag@1.0.2", "", { "dependencies": { "has-symbols": "^1.0.3" } }, "sha512-NqADB8VjPFLM2V0VvHUewwwsw0ZWBaIdgo+ieHtK3hasLz4qeCRjYcqfB6AQrBggRKppKF8L52/VqdVsO47Dlw=="],

    "hasown": ["hasown@2.0.2", "", { "dependencies": { "function-bind": "^1.1.2" } }, "sha512-0hJU9SCPvmMzIBdZFqNPXWa6dqh7WdH0cII9y+CyS8rG3nL48Bclra9HmKhVVUHyPWNH5Y7xDwAB7bfgSjkUMQ=="],

    "is-fullwidth-code-point": ["is-fullwidth-code-point@3.0.0", "", {}, "sha512-zymm5+u+sCsSWyD9qNaejV3DFvhCKclKdizYaJUuHA83RLjb7nSuGnddCHGv0hk+KY7BMAlsWeK4Ueg6EV6XQg=="],

    "isexe": ["isexe@2.0.0", "", {}, "sha512-RHxMLp9lnKHGHRng9QFhRCMbYAcVpn69smSGcq3f36xjgVVWThj4qqLbTLlq7Ssj8B+fIQ1EuCEGI2lKsyQeIw=="],

    "iterate-object": ["iterate-object@1.3.5", "", {}, "sha512-eL23u8oFooYTq6TtJKjp2RYjZnCkUYQvC0T/6fJfWykXJ3quvdDdzKZ3CEjy8b3JGOvLTjDYMEMIp5243R906A=="],

    "math-intrinsics": ["math-intrinsics@1.1.0", "", {}, "sha512-/IXtbwEk5HTPyEwyKX6hGkYXxM9nbj64B+ilVJnC/R6B0pH5G4V3b0pVbL7DBj4tkhBAppbQUlf6F6Xl9LHu1g=="],

    "mime-db": ["mime-db@1.52.0", "", {}, "sha512-sPU4uV7dYlvtWJxwwxHD0PuihVNiE7TyAbQ5SWxDCB9mUYvOgroQOwYQQOKPJ8CIbE+1ETVlOoK1UC2nU3gYvg=="],

    "mime-types": ["mime-types@2.1.35", "", { "dependencies": { "mime-db": "1.52.0" } }, "sha512-ZDY+bPm5zTTF+YpCrAU9nK0UgICYPT0QtT1NZWFv4s++TNkcgVaT0g6+4R2uI4MjQjzysHB1zxuWL50hzaeXiw=="],

    "months": ["months@1.2.0", "", {}, "sha512-zFM7hUpziSYGk2DNObYGWgHdRRxAOgjl8CC1Rbl50p/q0rGDsREfk0nbxxmSIquVi/lEAuUY8nwbwkZ8biNCOQ=="],

    "node-ts": ["node-ts@8.0.2", "", { "dependencies": { "@rauschma/stringio": "^1.4.0", "@types/node": "^22.13.11" } }, "sha512-6cRR+zmjQRjStHNBihA+qWZr3kpivhny1H4Na+Ac0oV0Y6LQBqTAqYcbSaUljArJHNBsXbJ44oaae9wxelNgag=="],

    "noop6": ["noop6@1.0.10", "", {}, "sha512-WZvuCILZFZHK+WuqCQwxLBGllkBK1ct8s8Mu9FMDbEsBE6/bqNxyFGbX7Xky+6bYFL8X2Ou4Cis4CJyrwXLvQA=="],

    "parse-it": ["parse-it@1.0.11", "", { "dependencies": { "regex-escape": "^3.4.0" } }, "sha512-1OWDPQNF7eUxkqPdP4vFu96QnVwQjy2zag5CZcF3Ipd12s1iu8nPpgNBsda0tgZlj04vSrIZ5DQr2bqp5Cn6UQ=="],

    "path-key": ["path-key@3.1.1", "", {}, "sha512-ojmeN0qd+y0jszEtoY48r0Peq5dwMEkIlCOu6Q5f41lfkswXuKtYrhgoTpLnyIcHm24Uhqx+5Tqm2InSwLhE6Q=="],

    "proxy-from-env": ["proxy-from-env@1.1.0", "", {}, "sha512-D+zkORCbA9f1tdWRK0RaCR3GPv50cMxcrz4X8k5LTSUD1Dkw47mKJEZQNunItRTkWwgtaUSo1RVFRIG9ZXiFYg=="],

    "regex-escape": ["regex-escape@3.4.11", "", {}, "sha512-051l4Hl/0HoJwTvNztrWVjoxLiseSfCrDgWqwR1cnGM/nyQSeIjmvti5zZ7HzOmsXDPaJ2k0iFxQ6/WNpJD5wQ=="],

    "shebang-command": ["shebang-command@2.0.0", "", { "dependencies": { "shebang-regex": "^3.0.0" } }, "sha512-kHxr2zZpYtdmrN1qDjrrX/Z1rR1kG8Dx+gkpK1G4eXmvXswmcE1hTWBWYUzlraYw1/yZp6YuDY77YtvbN0dmDA=="],

    "shebang-regex": ["shebang-regex@3.0.0", "", {}, "sha512-7++dFhtcx3353uBaq8DDR4NuxBetBzC7ZQOhmTQInHEd6bSrXdiEyzCvG07Z44UYdLShWUyXt5M/yhz8ekcb1A=="],

    "static-methods": ["static-methods@1.0.13", "", {}, "sha512-EFiLdwFlgLQuRib6tFOg63H2RcVG2pWIh1/Xm9BtJeHSgcndYFmlDh60XzgUXsrSw/CvWzRTw4RwP7I/4U5Yng=="],

    "string-width": ["string-width@4.2.3", "", { "dependencies": { "emoji-regex": "^8.0.0", "is-fullwidth-code-point": "^3.0.0", "strip-ansi": "^6.0.1" } }, "sha512-wKyQRQpjJ0sIp62ErSZdGsjMJWsap5oRNihHhu6G7JVO/9jIB6UyevL+tXuOqrng8j/cxKTWyWUwvSTriiZz/g=="],

    "strip-ansi": ["strip-ansi@6.0.1", "", { "dependencies": { "ansi-regex": "^5.0.1" } }, "sha512-Y38VPSHcqkFrCpFnQ9vuSXmquuv5oXOKpGeT6aGrr3o3Gc9AlVa6JBfUSOCnbxGGZF+/0ooI7KrPuUSztUdU5A=="],

    "supports-color": ["supports-color@3.2.3", "", { "dependencies": { "has-flag": "^1.0.0" } }, "sha512-Jds2VIYDrlp5ui7t8abHN2bjAu4LV/q4N2KivFPpGH0lrka0BMq/33AmECUXlKPcHigkNaqfXRENFju+rlcy+A=="],

    "typescript": ["typescript@5.8.2", "", { "bin": { "tsc": "bin/tsc", "tsserver": "bin/tsserver" } }, "sha512-aJn6wq13/afZp/jT9QZmwEjDqqvSGp1VT5GVg+f/t6/oVyrgXM6BY1h9BRh/O5p3PlUPAe+WuiEZOmb/49RqoQ=="],

    "typpy": ["typpy@2.3.14", "", { "dependencies": { "function.name": "^1.0.3" } }, "sha512-C1V70FdAT/2rCngfzRD0TPTjQ5zuhKdRdRwPL+t1hIS4IsZU+oouXEv8jpycDNWaZlEJWv4NshzaRzsp+BO9TA=="],

    "ul": ["ul@5.2.16", "", { "dependencies": { "deffy": "^2.2.2", "typpy": "^2.3.4" } }, "sha512-v1YrSEsJZpJsywzF/MKgsQwMdOwBlwwmNiUOJh/yX6FHrq7dYjeua1YOhLV0q0KioqEFZC4P7MsKmpEsGdZz3w=="],

    "undici-types": ["undici-types@6.20.0", "", {}, "sha512-Ny6QZ2Nju20vw1SRHe3d9jVu6gJ+4e3+MMpqu7pqE5HT6WsTSlce++GQmK5UXS8mzV8DSYHrQH+Xrf2jVcuKNg=="],

    "which": ["which@2.0.2", "", { "dependencies": { "isexe": "^2.0.0" }, "bin": { "node-which": "./bin/node-which" } }, "sha512-BLI3Tl1TW3Pvl70l3yq3Y64i+awpwXqsGBYWkkqMtnbXgrMD+yj7rhW0kuEDxzJaYXGjEW5ogapKNMEKNMjibA=="],

    "@rauschma/stringio/@types/node": ["@types/node@10.17.60", "", {}, "sha512-F0KIgDJfy2nA3zMLmWGKxcH2ZVEtCZXHHdOQs2gSaQ27+lNeEfGxzkIw90aXswATX7AZ33tahPbzy6KAfUreVw=="],
  }
}
